
Microsoft Visual Studio Solution File, Format Version 12.00
# Visual Studio Version 17
VisualStudioVersion = 17.0.31903.59
MinimumVisualStudioVersion = 10.0.40219.1
Project("{FAE04EC0-301F-11D3-BF4B-00C04F79EFBC}") = "Backend", "Backend\Backend.csproj", "{EED34EC5-3D5A-4367-9C58-1F5B9BD9A004}"
EndProject
Project("{FAE04EC0-301F-11D3-BF4B-00C04F79EFBC}") = "Frontend", "Frontend\Frontend.csproj", "{E6159E61-A8E5-4393-8E03-FA60705F7F9B}"
EndProject
Global
	GlobalSection(SolutionConfigurationPlatforms) = preSolution
		Debug|Any CPU = Debug|Any CPU
		Release|Any CPU = Release|Any CPU
	EndGlobalSection
	GlobalSection(SolutionProperties) = preSolution
		HideSolutionNode = FALSE
	EndGlobalSection
	GlobalSection(ProjectConfigurationPlatforms) = postSolution
		{EED34EC5-3D5A-4367-9C58-1F5B9BD9A004}.Debug|Any CPU.ActiveCfg = Debug|Any CPU
		{EED34EC5-3D5A-4367-9C58-1F5B9BD9A004}.Debug|Any CPU.Build.0 = Debug|Any CPU
		{EED34EC5-3D5A-4367-9C58-1F5B9BD9A004}.Release|Any CPU.ActiveCfg = Release|Any CPU
		{EED34EC5-3D5A-4367-9C58-1F5B9BD9A004}.Release|Any CPU.Build.0 = Release|Any CPU
		{E6159E61-A8E5-4393-8E03-FA60705F7F9B}.Debug|Any CPU.ActiveCfg = Debug|Any CPU
		{E6159E61-A8E5-4393-8E03-FA60705F7F9B}.Debug|Any CPU.Build.0 = Debug|Any CPU
		{E6159E61-A8E5-4393-8E03-FA60705F7F9B}.Release|Any CPU.ActiveCfg = Release|Any CPU
		{E6159E61-A8E5-4393-8E03-FA60705F7F9B}.Release|Any CPU.Build.0 = Release|Any CPU
	EndGlobalSection
EndGlobal
